
Microsoft Visual Studio Solution File, Format Version 12.00
# Visual Studio 14
VisualStudioVersion = 14.0.25420.1
MinimumVisualStudioVersion = 10.0.40219.1
Project("{7CF6DF6D-3B04-46F8-A40B-537D21BCA0B4}") = "PoncheToolkit.Doc", "PoncheToolkit.Doc\PoncheToolkit.Doc.shfbproj", "{C4D961AC-6E36-41F5-96D8-8133D858B368}"
EndProject
Project("{FAE04EC0-301F-11D3-BF4B-00C04F79EFBC}") = "PoncheToolkit.Tests", "PoncheToolkit.Tests\PoncheToolkit.Tests.csproj", "{1EBEA6AA-A3CA-4B67-AA2A-AAAF2CC0C14A}"
EndProject
Project("{FAE04EC0-301F-11D3-BF4B-00C04F79EFBC}") = "PoncheToolkit", "DEV\PoncheToolkit.csproj", "{FDFE6272-CFC6-4E6A-BB62-F3F58FC1037D}"
	ProjectSection(ProjectDependencies) = postProject
		{C29E54B6-BAFB-44EA-9B7D-AF127BE3F079} = {C29E54B6-BAFB-44EA-9B7D-AF127BE3F079}
	EndProjectSection
EndProject
Project("{FAE04EC0-301F-11D3-BF4B-00C04F79EFBC}") = "PoncheToolkit.EffectsCreator", "PoncheToolkit.EffectsCreator\PoncheToolkit.EffectsCreator.csproj", "{7BD06C70-7AFD-4240-AF58-7A1B61CA952E}"
EndProject
Project("{7CF6DF6D-3B04-46F8-A40B-537D21BCA0B4}") = "PoncheToolkit.EffectsCreator.Doc", "PoncheToolkit.EffectsCreator.Doc\PoncheToolkit.EffectsCreator.Doc.shfbproj", "{D8D3C140-C628-4A94-87B1-243E611B5EF5}"
EndProject
Project("{FAE04EC0-301F-11D3-BF4B-00C04F79EFBC}") = "PoncheToolkit.UI", "PoncheToolkit.UI\PoncheToolkit.UI.csproj", "{FF0B3EA3-362D-492D-8D13-4BB22CBA48C5}"
EndProject
Project("{FAE04EC0-301F-11D3-BF4B-00C04F79EFBC}") = "PoncheToolkit.Builder", "PoncheToolkit.Builder\PoncheToolkit.Builder.csproj", "{C29E54B6-BAFB-44EA-9B7D-AF127BE3F079}"
EndProject
Global
	GlobalSection(SolutionConfigurationPlatforms) = preSolution
		Debug_DirectX11|Any CPU = Debug_DirectX11|Any CPU
		Debug_DirectX11|x64 = Debug_DirectX11|x64
		Debug_DirectX11|x86 = Debug_DirectX11|x86
		Debug_DirectX12|Any CPU = Debug_DirectX12|Any CPU
		Debug_DirectX12|x64 = Debug_DirectX12|x64
		Debug_DirectX12|x86 = Debug_DirectX12|x86
		Debug|Any CPU = Debug|Any CPU
		Debug|x64 = Debug|x64
		Debug|x86 = Debug|x86
		Release_DirectX11|Any CPU = Release_DirectX11|Any CPU
		Release_DirectX11|x64 = Release_DirectX11|x64
		Release_DirectX11|x86 = Release_DirectX11|x86
		Release_DirectX12|Any CPU = Release_DirectX12|Any CPU
		Release_DirectX12|x64 = Release_DirectX12|x64
		Release_DirectX12|x86 = Release_DirectX12|x86
		Release|Any CPU = Release|Any CPU
		Release|x64 = Release|x64
		Release|x86 = Release|x86
	EndGlobalSection
	GlobalSection(ProjectConfigurationPlatforms) = postSolution
		{C4D961AC-6E36-41F5-96D8-8133D858B368}.Debug_DirectX11|Any CPU.ActiveCfg = Debug_DirectX11|Any CPU
		{C4D961AC-6E36-41F5-96D8-8133D858B368}.Debug_DirectX11|x64.ActiveCfg = Debug_DirectX11|Any CPU
		{C4D961AC-6E36-41F5-96D8-8133D858B368}.Debug_DirectX11|x86.ActiveCfg = Debug_DirectX11|Any CPU
		{C4D961AC-6E36-41F5-96D8-8133D858B368}.Debug_DirectX12|Any CPU.ActiveCfg = Debug_DirectX12|Any CPU
		{C4D961AC-6E36-41F5-96D8-8133D858B368}.Debug_DirectX12|x64.ActiveCfg = Debug_DirectX12|Any CPU
		{C4D961AC-6E36-41F5-96D8-8133D858B368}.Debug_DirectX12|x86.ActiveCfg = Debug_DirectX12|Any CPU
		{C4D961AC-6E36-41F5-96D8-8133D858B368}.Debug|Any CPU.ActiveCfg = Debug|Any CPU
		{C4D961AC-6E36-41F5-96D8-8133D858B368}.Debug|Any CPU.Build.0 = Debug|Any CPU
		{C4D961AC-6E36-41F5-96D8-8133D858B368}.Debug|x64.ActiveCfg = Debug|Any CPU
		{C4D961AC-6E36-41F5-96D8-8133D858B368}.Debug|x64.Build.0 = Debug|Any CPU
		{C4D961AC-6E36-41F5-96D8-8133D858B368}.Debug|x86.ActiveCfg = Debug|Any CPU
		{C4D961AC-6E36-41F5-96D8-8133D858B368}.Debug|x86.Build.0 = Debug|Any CPU
		{C4D961AC-6E36-41F5-96D8-8133D858B368}.Release_DirectX11|Any CPU.ActiveCfg = Release_DirectX11|Any CPU
		{C4D961AC-6E36-41F5-96D8-8133D858B368}.Release_DirectX11|x64.ActiveCfg = Release_DirectX11|Any CPU
		{C4D961AC-6E36-41F5-96D8-8133D858B368}.Release_DirectX11|x86.ActiveCfg = Release_DirectX11|Any CPU
		{C4D961AC-6E36-41F5-96D8-8133D858B368}.Release_DirectX12|Any CPU.ActiveCfg = Release_DirectX12|Any CPU
		{C4D961AC-6E36-41F5-96D8-8133D858B368}.Release_DirectX12|x64.ActiveCfg = Release_DirectX12|Any CPU
		{C4D961AC-6E36-41F5-96D8-8133D858B368}.Release_DirectX12|x86.ActiveCfg = Release_DirectX12|Any CPU
		{C4D961AC-6E36-41F5-96D8-8133D858B368}.Release_DirectX12|x86.Build.0 = Release_DirectX12|Any CPU
		{C4D961AC-6E36-41F5-96D8-8133D858B368}.Release|Any CPU.ActiveCfg = Release|Any CPU
		{C4D961AC-6E36-41F5-96D8-8133D858B368}.Release|Any CPU.Build.0 = Release|Any CPU
		{C4D961AC-6E36-41F5-96D8-8133D858B368}.Release|x64.ActiveCfg = Release|Any CPU
		{C4D961AC-6E36-41F5-96D8-8133D858B368}.Release|x64.Build.0 = Release|Any CPU
		{C4D961AC-6E36-41F5-96D8-8133D858B368}.Release|x86.ActiveCfg = Release|Any CPU
		{C4D961AC-6E36-41F5-96D8-8133D858B368}.Release|x86.Build.0 = Release|Any CPU
		{1EBEA6AA-A3CA-4B67-AA2A-AAAF2CC0C14A}.Debug_DirectX11|Any CPU.ActiveCfg = Debug_DirectX11|Any CPU
		{1EBEA6AA-A3CA-4B67-AA2A-AAAF2CC0C14A}.Debug_DirectX11|Any CPU.Build.0 = Debug_DirectX11|Any CPU
		{1EBEA6AA-A3CA-4B67-AA2A-AAAF2CC0C14A}.Debug_DirectX11|x64.ActiveCfg = Debug_DirectX11|x64
		{1EBEA6AA-A3CA-4B67-AA2A-AAAF2CC0C14A}.Debug_DirectX11|x64.Build.0 = Debug_DirectX11|x64
		{1EBEA6AA-A3CA-4B67-AA2A-AAAF2CC0C14A}.Debug_DirectX11|x86.ActiveCfg = Debug_DirectX11|x86
		{1EBEA6AA-A3CA-4B67-AA2A-AAAF2CC0C14A}.Debug_DirectX11|x86.Build.0 = Debug_DirectX11|x86
		{1EBEA6AA-A3CA-4B67-AA2A-AAAF2CC0C14A}.Debug_DirectX12|Any CPU.ActiveCfg = Debug_DirectX12|Any CPU
		{1EBEA6AA-A3CA-4B67-AA2A-AAAF2CC0C14A}.Debug_DirectX12|Any CPU.Build.0 = Debug_DirectX12|Any CPU
		{1EBEA6AA-A3CA-4B67-AA2A-AAAF2CC0C14A}.Debug_DirectX12|x64.ActiveCfg = Debug_DirectX12|x64
		{1EBEA6AA-A3CA-4B67-AA2A-AAAF2CC0C14A}.Debug_DirectX12|x64.Build.0 = Debug_DirectX12|x64
		{1EBEA6AA-A3CA-4B67-AA2A-AAAF2CC0C14A}.Debug_DirectX12|x86.ActiveCfg = Debug_DirectX12|x86
		{1EBEA6AA-A3CA-4B67-AA2A-AAAF2CC0C14A}.Debug_DirectX12|x86.Build.0 = Debug_DirectX12|x86
		{1EBEA6AA-A3CA-4B67-AA2A-AAAF2CC0C14A}.Debug|Any CPU.ActiveCfg = Debug|Any CPU
		{1EBEA6AA-A3CA-4B67-AA2A-AAAF2CC0C14A}.Debug|Any CPU.Build.0 = Debug|Any CPU
		{1EBEA6AA-A3CA-4B67-AA2A-AAAF2CC0C14A}.Debug|x64.ActiveCfg = Debug|x64
		{1EBEA6AA-A3CA-4B67-AA2A-AAAF2CC0C14A}.Debug|x64.Build.0 = Debug|x64
		{1EBEA6AA-A3CA-4B67-AA2A-AAAF2CC0C14A}.Debug|x86.ActiveCfg = Debug|x86
		{1EBEA6AA-A3CA-4B67-AA2A-AAAF2CC0C14A}.Debug|x86.Build.0 = Debug|x86
		{1EBEA6AA-A3CA-4B67-AA2A-AAAF2CC0C14A}.Release_DirectX11|Any CPU.ActiveCfg = Release_DirectX11|Any CPU
		{1EBEA6AA-A3CA-4B67-AA2A-AAAF2CC0C14A}.Release_DirectX11|Any CPU.Build.0 = Release_DirectX11|Any CPU
		{1EBEA6AA-A3CA-4B67-AA2A-AAAF2CC0C14A}.Release_DirectX11|x64.ActiveCfg = Release_DirectX11|x64
		{1EBEA6AA-A3CA-4B67-AA2A-AAAF2CC0C14A}.Release_DirectX11|x64.Build.0 = Release_DirectX11|x64
		{1EBEA6AA-A3CA-4B67-AA2A-AAAF2CC0C14A}.Release_DirectX11|x86.ActiveCfg = Release_DirectX11|x86
		{1EBEA6AA-A3CA-4B67-AA2A-AAAF2CC0C14A}.Release_DirectX11|x86.Build.0 = Release_DirectX11|x86
		{1EBEA6AA-A3CA-4B67-AA2A-AAAF2CC0C14A}.Release_DirectX12|Any CPU.ActiveCfg = Release_DirectX12|Any CPU
		{1EBEA6AA-A3CA-4B67-AA2A-AAAF2CC0C14A}.Release_DirectX12|Any CPU.Build.0 = Release_DirectX12|Any CPU
		{1EBEA6AA-A3CA-4B67-AA2A-AAAF2CC0C14A}.Release_DirectX12|x64.ActiveCfg = Release_DirectX12|x64
		{1EBEA6AA-A3CA-4B67-AA2A-AAAF2CC0C14A}.Release_DirectX12|x64.Build.0 = Release_DirectX12|x64
		{1EBEA6AA-A3CA-4B67-AA2A-AAAF2CC0C14A}.Release_DirectX12|x86.ActiveCfg = Release_DirectX12|x86
		{1EBEA6AA-A3CA-4B67-AA2A-AAAF2CC0C14A}.Release_DirectX12|x86.Build.0 = Release_DirectX12|x86
		{1EBEA6AA-A3CA-4B67-AA2A-AAAF2CC0C14A}.Release|Any CPU.ActiveCfg = Release|Any CPU
		{1EBEA6AA-A3CA-4B67-AA2A-AAAF2CC0C14A}.Release|Any CPU.Build.0 = Release|Any CPU
		{1EBEA6AA-A3CA-4B67-AA2A-AAAF2CC0C14A}.Release|x64.ActiveCfg = Release|x64
		{1EBEA6AA-A3CA-4B67-AA2A-AAAF2CC0C14A}.Release|x64.Build.0 = Release|x64
		{1EBEA6AA-A3CA-4B67-AA2A-AAAF2CC0C14A}.Release|x86.ActiveCfg = Release|x86
		{1EBEA6AA-A3CA-4B67-AA2A-AAAF2CC0C14A}.Release|x86.Build.0 = Release|x86
		{FDFE6272-CFC6-4E6A-BB62-F3F58FC1037D}.Debug_DirectX11|Any CPU.ActiveCfg = Debug_DirectX11|Any CPU
		{FDFE6272-CFC6-4E6A-BB62-F3F58FC1037D}.Debug_DirectX11|Any CPU.Build.0 = Debug_DirectX11|Any CPU
		{FDFE6272-CFC6-4E6A-BB62-F3F58FC1037D}.Debug_DirectX11|x64.ActiveCfg = Debug_DirectX11|x64
		{FDFE6272-CFC6-4E6A-BB62-F3F58FC1037D}.Debug_DirectX11|x64.Build.0 = Debug_DirectX11|x64
		{FDFE6272-CFC6-4E6A-BB62-F3F58FC1037D}.Debug_DirectX11|x86.ActiveCfg = Debug_DirectX11|x86
		{FDFE6272-CFC6-4E6A-BB62-F3F58FC1037D}.Debug_DirectX11|x86.Build.0 = Debug_DirectX11|x86
		{FDFE6272-CFC6-4E6A-BB62-F3F58FC1037D}.Debug_DirectX12|Any CPU.ActiveCfg = Debug_DirectX12|Any CPU
		{FDFE6272-CFC6-4E6A-BB62-F3F58FC1037D}.Debug_DirectX12|Any CPU.Build.0 = Debug_DirectX12|Any CPU
		{FDFE6272-CFC6-4E6A-BB62-F3F58FC1037D}.Debug_DirectX12|x64.ActiveCfg = Debug_DirectX12|x64
		{FDFE6272-CFC6-4E6A-BB62-F3F58FC1037D}.Debug_DirectX12|x64.Build.0 = Debug_DirectX12|x64
		{FDFE6272-CFC6-4E6A-BB62-F3F58FC1037D}.Debug_DirectX12|x86.ActiveCfg = Debug_DirectX12|x86
		{FDFE6272-CFC6-4E6A-BB62-F3F58FC1037D}.Debug_DirectX12|x86.Build.0 = Debug_DirectX12|x86
		{FDFE6272-CFC6-4E6A-BB62-F3F58FC1037D}.Debug|Any CPU.ActiveCfg = Debug|Any CPU
		{FDFE6272-CFC6-4E6A-BB62-F3F58FC1037D}.Debug|Any CPU.Build.0 = Debug|Any CPU
		{FDFE6272-CFC6-4E6A-BB62-F3F58FC1037D}.Debug|x64.ActiveCfg = Debug|x64
		{FDFE6272-CFC6-4E6A-BB62-F3F58FC1037D}.Debug|x64.Build.0 = Debug|x64
		{FDFE6272-CFC6-4E6A-BB62-F3F58FC1037D}.Debug|x86.ActiveCfg = Debug|x86
		{FDFE6272-CFC6-4E6A-BB62-F3F58FC1037D}.Debug|x86.Build.0 = Debug|x86
		{FDFE6272-CFC6-4E6A-BB62-F3F58FC1037D}.Release_DirectX11|Any CPU.ActiveCfg = Release_DirectX11|Any CPU
		{FDFE6272-CFC6-4E6A-BB62-F3F58FC1037D}.Release_DirectX11|Any CPU.Build.0 = Release_DirectX11|Any CPU
		{FDFE6272-CFC6-4E6A-BB62-F3F58FC1037D}.Release_DirectX11|x64.ActiveCfg = Release_DirectX11|x64
		{FDFE6272-CFC6-4E6A-BB62-F3F58FC1037D}.Release_DirectX11|x64.Build.0 = Release_DirectX11|x64
		{FDFE6272-CFC6-4E6A-BB62-F3F58FC1037D}.Release_DirectX11|x86.ActiveCfg = Release_DirectX11|x86
		{FDFE6272-CFC6-4E6A-BB62-F3F58FC1037D}.Release_DirectX11|x86.Build.0 = Release_DirectX11|x86
		{FDFE6272-CFC6-4E6A-BB62-F3F58FC1037D}.Release_DirectX12|Any CPU.ActiveCfg = Release_DirectX12|Any CPU
		{FDFE6272-CFC6-4E6A-BB62-F3F58FC1037D}.Release_DirectX12|Any CPU.Build.0 = Release_DirectX12|Any CPU
		{FDFE6272-CFC6-4E6A-BB62-F3F58FC1037D}.Release_DirectX12|x64.ActiveCfg = Release_DirectX12|x64
		{FDFE6272-CFC6-4E6A-BB62-F3F58FC1037D}.Release_DirectX12|x64.Build.0 = Release_DirectX12|x64
		{FDFE6272-CFC6-4E6A-BB62-F3F58FC1037D}.Release_DirectX12|x86.ActiveCfg = Release_DirectX12|x86
		{FDFE6272-CFC6-4E6A-BB62-F3F58FC1037D}.Release_DirectX12|x86.Build.0 = Release_DirectX12|x86
		{FDFE6272-CFC6-4E6A-BB62-F3F58FC1037D}.Release|Any CPU.ActiveCfg = Release|Any CPU
		{FDFE6272-CFC6-4E6A-BB62-F3F58FC1037D}.Release|Any CPU.Build.0 = Release|Any CPU
		{FDFE6272-CFC6-4E6A-BB62-F3F58FC1037D}.Release|x64.ActiveCfg = Release|x64
		{FDFE6272-CFC6-4E6A-BB62-F3F58FC1037D}.Release|x64.Build.0 = Release|x64
		{FDFE6272-CFC6-4E6A-BB62-F3F58FC1037D}.Release|x86.ActiveCfg = Release|x86
		{FDFE6272-CFC6-4E6A-BB62-F3F58FC1037D}.Release|x86.Build.0 = Release|x86
		{7BD06C70-7AFD-4240-AF58-7A1B61CA952E}.Debug_DirectX11|Any CPU.ActiveCfg = Debug_DirectX11|Any CPU
		{7BD06C70-7AFD-4240-AF58-7A1B61CA952E}.Debug_DirectX11|Any CPU.Build.0 = Debug_DirectX11|Any CPU
		{7BD06C70-7AFD-4240-AF58-7A1B61CA952E}.Debug_DirectX11|x64.ActiveCfg = Debug_DirectX11|x64
		{7BD06C70-7AFD-4240-AF58-7A1B61CA952E}.Debug_DirectX11|x64.Build.0 = Debug_DirectX11|x64
		{7BD06C70-7AFD-4240-AF58-7A1B61CA952E}.Debug_DirectX11|x86.ActiveCfg = Debug_DirectX11|x86
		{7BD06C70-7AFD-4240-AF58-7A1B61CA952E}.Debug_DirectX11|x86.Build.0 = Debug_DirectX11|x86
		{7BD06C70-7AFD-4240-AF58-7A1B61CA952E}.Debug_DirectX12|Any CPU.ActiveCfg = Debug_DirectX12|Any CPU
		{7BD06C70-7AFD-4240-AF58-7A1B61CA952E}.Debug_DirectX12|Any CPU.Build.0 = Debug_DirectX12|Any CPU
		{7BD06C70-7AFD-4240-AF58-7A1B61CA952E}.Debug_DirectX12|x64.ActiveCfg = Debug_DirectX12|x64
		{7BD06C70-7AFD-4240-AF58-7A1B61CA952E}.Debug_DirectX12|x64.Build.0 = Debug_DirectX12|x64
		{7BD06C70-7AFD-4240-AF58-7A1B61CA952E}.Debug_DirectX12|x86.ActiveCfg = Debug_DirectX12|x86
		{7BD06C70-7AFD-4240-AF58-7A1B61CA952E}.Debug_DirectX12|x86.Build.0 = Debug_DirectX12|x86
		{7BD06C70-7AFD-4240-AF58-7A1B61CA952E}.Debug|Any CPU.ActiveCfg = Debug|Any CPU
		{7BD06C70-7AFD-4240-AF58-7A1B61CA952E}.Debug|Any CPU.Build.0 = Debug|Any CPU
		{7BD06C70-7AFD-4240-AF58-7A1B61CA952E}.Debug|x64.ActiveCfg = Debug|x64
		{7BD06C70-7AFD-4240-AF58-7A1B61CA952E}.Debug|x64.Build.0 = Debug|x64
		{7BD06C70-7AFD-4240-AF58-7A1B61CA952E}.Debug|x86.ActiveCfg = Debug|x86
		{7BD06C70-7AFD-4240-AF58-7A1B61CA952E}.Debug|x86.Build.0 = Debug|x86
		{7BD06C70-7AFD-4240-AF58-7A1B61CA952E}.Release_DirectX11|Any CPU.ActiveCfg = Release_DirectX11|Any CPU
		{7BD06C70-7AFD-4240-AF58-7A1B61CA952E}.Release_DirectX11|Any CPU.Build.0 = Release_DirectX11|Any CPU
		{7BD06C70-7AFD-4240-AF58-7A1B61CA952E}.Release_DirectX11|x64.ActiveCfg = Release_DirectX11|x64
		{7BD06C70-7AFD-4240-AF58-7A1B61CA952E}.Release_DirectX11|x64.Build.0 = Release_DirectX11|x64
		{7BD06C70-7AFD-4240-AF58-7A1B61CA952E}.Release_DirectX11|x86.ActiveCfg = Release_DirectX11|x86
		{7BD06C70-7AFD-4240-AF58-7A1B61CA952E}.Release_DirectX11|x86.Build.0 = Release_DirectX11|x86
		{7BD06C70-7AFD-4240-AF58-7A1B61CA952E}.Release_DirectX12|Any CPU.ActiveCfg = Release_DirectX12|Any CPU
		{7BD06C70-7AFD-4240-AF58-7A1B61CA952E}.Release_DirectX12|Any CPU.Build.0 = Release_DirectX12|Any CPU
		{7BD06C70-7AFD-4240-AF58-7A1B61CA952E}.Release_DirectX12|x64.ActiveCfg = Release_DirectX12|x64
		{7BD06C70-7AFD-4240-AF58-7A1B61CA952E}.Release_DirectX12|x64.Build.0 = Release_DirectX12|x64
		{7BD06C70-7AFD-4240-AF58-7A1B61CA952E}.Release_DirectX12|x86.ActiveCfg = Release_DirectX12|x86
		{7BD06C70-7AFD-4240-AF58-7A1B61CA952E}.Release_DirectX12|x86.Build.0 = Release_DirectX12|x86
		{7BD06C70-7AFD-4240-AF58-7A1B61CA952E}.Release|Any CPU.ActiveCfg = Release|Any CPU
		{7BD06C70-7AFD-4240-AF58-7A1B61CA952E}.Release|Any CPU.Build.0 = Release|Any CPU
		{7BD06C70-7AFD-4240-AF58-7A1B61CA952E}.Release|x64.ActiveCfg = Release|x64
		{7BD06C70-7AFD-4240-AF58-7A1B61CA952E}.Release|x64.Build.0 = Release|x64
		{7BD06C70-7AFD-4240-AF58-7A1B61CA952E}.Release|x86.ActiveCfg = Release|x86
		{7BD06C70-7AFD-4240-AF58-7A1B61CA952E}.Release|x86.Build.0 = Release|x86
		{D8D3C140-C628-4A94-87B1-243E611B5EF5}.Debug_DirectX11|Any CPU.ActiveCfg = Debug_DirectX11|Any CPU
		{D8D3C140-C628-4A94-87B1-243E611B5EF5}.Debug_DirectX11|x64.ActiveCfg = Debug_DirectX11|Any CPU
		{D8D3C140-C628-4A94-87B1-243E611B5EF5}.Debug_DirectX11|x86.ActiveCfg = Debug_DirectX11|Any CPU
		{D8D3C140-C628-4A94-87B1-243E611B5EF5}.Debug_DirectX12|Any CPU.ActiveCfg = Debug_DirectX12|Any CPU
		{D8D3C140-C628-4A94-87B1-243E611B5EF5}.Debug_DirectX12|x64.ActiveCfg = Debug_DirectX12|Any CPU
		{D8D3C140-C628-4A94-87B1-243E611B5EF5}.Debug_DirectX12|x86.ActiveCfg = Debug_DirectX12|Any CPU
		{D8D3C140-C628-4A94-87B1-243E611B5EF5}.Debug|Any CPU.ActiveCfg = Debug|Any CPU
		{D8D3C140-C628-4A94-87B1-243E611B5EF5}.Debug|Any CPU.Build.0 = Debug|Any CPU
		{D8D3C140-C628-4A94-87B1-243E611B5EF5}.Debug|x64.ActiveCfg = Debug|Any CPU
		{D8D3C140-C628-4A94-87B1-243E611B5EF5}.Debug|x64.Build.0 = Debug|Any CPU
		{D8D3C140-C628-4A94-87B1-243E611B5EF5}.Debug|x86.ActiveCfg = Debug|Any CPU
		{D8D3C140-C628-4A94-87B1-243E611B5EF5}.Debug|x86.Build.0 = Debug|Any CPU
		{D8D3C140-C628-4A94-87B1-243E611B5EF5}.Release_DirectX11|Any CPU.ActiveCfg = Release_DirectX11|Any CPU
		{D8D3C140-C628-4A94-87B1-243E611B5EF5}.Release_DirectX11|x64.ActiveCfg = Release_DirectX11|Any CPU
		{D8D3C140-C628-4A94-87B1-243E611B5EF5}.Release_DirectX11|x86.ActiveCfg = Release_DirectX11|Any CPU
		{D8D3C140-C628-4A94-87B1-243E611B5EF5}.Release_DirectX12|Any CPU.ActiveCfg = Release_DirectX12|Any CPU
		{D8D3C140-C628-4A94-87B1-243E611B5EF5}.Release_DirectX12|x64.ActiveCfg = Release_DirectX12|Any CPU
		{D8D3C140-C628-4A94-87B1-243E611B5EF5}.Release_DirectX12|x86.ActiveCfg = Release_DirectX12|Any CPU
		{D8D3C140-C628-4A94-87B1-243E611B5EF5}.Release_DirectX12|x86.Build.0 = Release_DirectX12|Any CPU
		{D8D3C140-C628-4A94-87B1-243E611B5EF5}.Release|Any CPU.ActiveCfg = Release|Any CPU
		{D8D3C140-C628-4A94-87B1-243E611B5EF5}.Release|Any CPU.Build.0 = Release|Any CPU
		{D8D3C140-C628-4A94-87B1-243E611B5EF5}.Release|x64.ActiveCfg = Release|Any CPU
		{D8D3C140-C628-4A94-87B1-243E611B5EF5}.Release|x64.Build.0 = Release|Any CPU
		{D8D3C140-C628-4A94-87B1-243E611B5EF5}.Release|x86.ActiveCfg = Release|Any CPU
		{D8D3C140-C628-4A94-87B1-243E611B5EF5}.Release|x86.Build.0 = Release|Any CPU
		{FF0B3EA3-362D-492D-8D13-4BB22CBA48C5}.Debug_DirectX11|Any CPU.ActiveCfg = Debug_DirectX11|Any CPU
		{FF0B3EA3-362D-492D-8D13-4BB22CBA48C5}.Debug_DirectX11|Any CPU.Build.0 = Debug_DirectX11|Any CPU
		{FF0B3EA3-362D-492D-8D13-4BB22CBA48C5}.Debug_DirectX11|x64.ActiveCfg = Debug_DirectX11|Any CPU
		{FF0B3EA3-362D-492D-8D13-4BB22CBA48C5}.Debug_DirectX11|x64.Build.0 = Debug_DirectX11|Any CPU
		{FF0B3EA3-362D-492D-8D13-4BB22CBA48C5}.Debug_DirectX11|x86.ActiveCfg = Debug_DirectX11|Any CPU
		{FF0B3EA3-362D-492D-8D13-4BB22CBA48C5}.Debug_DirectX11|x86.Build.0 = Debug_DirectX11|Any CPU
		{FF0B3EA3-362D-492D-8D13-4BB22CBA48C5}.Debug_DirectX12|Any CPU.ActiveCfg = Debug_DirectX12|Any CPU
		{FF0B3EA3-362D-492D-8D13-4BB22CBA48C5}.Debug_DirectX12|Any CPU.Build.0 = Debug_DirectX12|Any CPU
		{FF0B3EA3-362D-492D-8D13-4BB22CBA48C5}.Debug_DirectX12|x64.ActiveCfg = Debug_DirectX12|Any CPU
		{FF0B3EA3-362D-492D-8D13-4BB22CBA48C5}.Debug_DirectX12|x64.Build.0 = Debug_DirectX12|Any CPU
		{FF0B3EA3-362D-492D-8D13-4BB22CBA48C5}.Debug_DirectX12|x86.ActiveCfg = Debug_DirectX12|Any CPU
		{FF0B3EA3-362D-492D-8D13-4BB22CBA48C5}.Debug_DirectX12|x86.Build.0 = Debug_DirectX12|Any CPU
		{FF0B3EA3-362D-492D-8D13-4BB22CBA48C5}.Debug|Any CPU.ActiveCfg = Debug|Any CPU
		{FF0B3EA3-362D-492D-8D13-4BB22CBA48C5}.Debug|Any CPU.Build.0 = Debug|Any CPU
		{FF0B3EA3-362D-492D-8D13-4BB22CBA48C5}.Debug|x64.ActiveCfg = Debug|Any CPU
		{FF0B3EA3-362D-492D-8D13-4BB22CBA48C5}.Debug|x64.Build.0 = Debug|Any CPU
		{FF0B3EA3-362D-492D-8D13-4BB22CBA48C5}.Debug|x86.ActiveCfg = Debug|Any CPU
		{FF0B3EA3-362D-492D-8D13-4BB22CBA48C5}.Debug|x86.Build.0 = Debug|Any CPU
		{FF0B3EA3-362D-492D-8D13-4BB22CBA48C5}.Release_DirectX11|Any CPU.ActiveCfg = Release_DirectX11|Any CPU
		{FF0B3EA3-362D-492D-8D13-4BB22CBA48C5}.Release_DirectX11|Any CPU.Build.0 = Release_DirectX11|Any CPU
		{FF0B3EA3-362D-492D-8D13-4BB22CBA48C5}.Release_DirectX11|x64.ActiveCfg = Release_DirectX11|Any CPU
		{FF0B3EA3-362D-492D-8D13-4BB22CBA48C5}.Release_DirectX11|x64.Build.0 = Release_DirectX11|Any CPU
		{FF0B3EA3-362D-492D-8D13-4BB22CBA48C5}.Release_DirectX11|x86.ActiveCfg = Release_DirectX11|Any CPU
		{FF0B3EA3-362D-492D-8D13-4BB22CBA48C5}.Release_DirectX11|x86.Build.0 = Release_DirectX11|Any CPU
		{FF0B3EA3-362D-492D-8D13-4BB22CBA48C5}.Release_DirectX12|Any CPU.ActiveCfg = Release_DirectX12|Any CPU
		{FF0B3EA3-362D-492D-8D13-4BB22CBA48C5}.Release_DirectX12|Any CPU.Build.0 = Release_DirectX12|Any CPU
		{FF0B3EA3-362D-492D-8D13-4BB22CBA48C5}.Release_DirectX12|x64.ActiveCfg = Release_DirectX12|Any CPU
		{FF0B3EA3-362D-492D-8D13-4BB22CBA48C5}.Release_DirectX12|x64.Build.0 = Release_DirectX12|Any CPU
		{FF0B3EA3-362D-492D-8D13-4BB22CBA48C5}.Release_DirectX12|x86.ActiveCfg = Release_DirectX12|Any CPU
		{FF0B3EA3-362D-492D-8D13-4BB22CBA48C5}.Release_DirectX12|x86.Build.0 = Release_DirectX12|Any CPU
		{FF0B3EA3-362D-492D-8D13-4BB22CBA48C5}.Release|Any CPU.ActiveCfg = Release|Any CPU
		{FF0B3EA3-362D-492D-8D13-4BB22CBA48C5}.Release|Any CPU.Build.0 = Release|Any CPU
		{FF0B3EA3-362D-492D-8D13-4BB22CBA48C5}.Release|x64.ActiveCfg = Release|Any CPU
		{FF0B3EA3-362D-492D-8D13-4BB22CBA48C5}.Release|x64.Build.0 = Release|Any CPU
		{FF0B3EA3-362D-492D-8D13-4BB22CBA48C5}.Release|x86.ActiveCfg = Release|Any CPU
		{FF0B3EA3-362D-492D-8D13-4BB22CBA48C5}.Release|x86.Build.0 = Release|Any CPU
		{C29E54B6-BAFB-44EA-9B7D-AF127BE3F079}.Debug_DirectX11|Any CPU.ActiveCfg = Debug_DirectX11|Any CPU
		{C29E54B6-BAFB-44EA-9B7D-AF127BE3F079}.Debug_DirectX11|Any CPU.Build.0 = Debug_DirectX11|Any CPU
		{C29E54B6-BAFB-44EA-9B7D-AF127BE3F079}.Debug_DirectX11|x64.ActiveCfg = Debug_DirectX11|x64
		{C29E54B6-BAFB-44EA-9B7D-AF127BE3F079}.Debug_DirectX11|x64.Build.0 = Debug_DirectX11|x64
		{C29E54B6-BAFB-44EA-9B7D-AF127BE3F079}.Debug_DirectX11|x86.ActiveCfg = Debug_DirectX11|x86
		{C29E54B6-BAFB-44EA-9B7D-AF127BE3F079}.Debug_DirectX11|x86.Build.0 = Debug_DirectX11|x86
		{C29E54B6-BAFB-44EA-9B7D-AF127BE3F079}.Debug_DirectX12|Any CPU.ActiveCfg = Debug_DirectX12|Any CPU
		{C29E54B6-BAFB-44EA-9B7D-AF127BE3F079}.Debug_DirectX12|Any CPU.Build.0 = Debug_DirectX12|Any CPU
		{C29E54B6-BAFB-44EA-9B7D-AF127BE3F079}.Debug_DirectX12|x64.ActiveCfg = Debug_DirectX12|x64
		{C29E54B6-BAFB-44EA-9B7D-AF127BE3F079}.Debug_DirectX12|x64.Build.0 = Debug_DirectX12|x64
		{C29E54B6-BAFB-44EA-9B7D-AF127BE3F079}.Debug_DirectX12|x86.ActiveCfg = Debug_DirectX12|x86
		{C29E54B6-BAFB-44EA-9B7D-AF127BE3F079}.Debug_DirectX12|x86.Build.0 = Debug_DirectX12|x86
		{C29E54B6-BAFB-44EA-9B7D-AF127BE3F079}.Debug|Any CPU.ActiveCfg = Debug|Any CPU
		{C29E54B6-BAFB-44EA-9B7D-AF127BE3F079}.Debug|Any CPU.Build.0 = Debug|Any CPU
		{C29E54B6-BAFB-44EA-9B7D-AF127BE3F079}.Debug|x64.ActiveCfg = Debug|x64
		{C29E54B6-BAFB-44EA-9B7D-AF127BE3F079}.Debug|x64.Build.0 = Debug|x64
		{C29E54B6-BAFB-44EA-9B7D-AF127BE3F079}.Debug|x86.ActiveCfg = Debug|x86
		{C29E54B6-BAFB-44EA-9B7D-AF127BE3F079}.Debug|x86.Build.0 = Debug|x86
		{C29E54B6-BAFB-44EA-9B7D-AF127BE3F079}.Release_DirectX11|Any CPU.ActiveCfg = Release_DirectX11|Any CPU
		{C29E54B6-BAFB-44EA-9B7D-AF127BE3F079}.Release_DirectX11|Any CPU.Build.0 = Release_DirectX11|Any CPU
		{C29E54B6-BAFB-44EA-9B7D-AF127BE3F079}.Release_DirectX11|x64.ActiveCfg = Release_DirectX11|x64
		{C29E54B6-BAFB-44EA-9B7D-AF127BE3F079}.Release_DirectX11|x64.Build.0 = Release_DirectX11|x64
		{C29E54B6-BAFB-44EA-9B7D-AF127BE3F079}.Release_DirectX11|x86.ActiveCfg = Release_DirectX11|x86
		{C29E54B6-BAFB-44EA-9B7D-AF127BE3F079}.Release_DirectX11|x86.Build.0 = Release_DirectX11|x86
		{C29E54B6-BAFB-44EA-9B7D-AF127BE3F079}.Release_DirectX12|Any CPU.ActiveCfg = Release_DirectX12|Any CPU
		{C29E54B6-BAFB-44EA-9B7D-AF127BE3F079}.Release_DirectX12|Any CPU.Build.0 = Release_DirectX12|Any CPU
		{C29E54B6-BAFB-44EA-9B7D-AF127BE3F079}.Release_DirectX12|x64.ActiveCfg = Release_DirectX12|x64
		{C29E54B6-BAFB-44EA-9B7D-AF127BE3F079}.Release_DirectX12|x64.Build.0 = Release_DirectX12|x64
		{C29E54B6-BAFB-44EA-9B7D-AF127BE3F079}.Release_DirectX12|x86.ActiveCfg = Release_DirectX12|x86
		{C29E54B6-BAFB-44EA-9B7D-AF127BE3F079}.Release_DirectX12|x86.Build.0 = Release_DirectX12|x86
		{C29E54B6-BAFB-44EA-9B7D-AF127BE3F079}.Release|Any CPU.ActiveCfg = Release|Any CPU
		{C29E54B6-BAFB-44EA-9B7D-AF127BE3F079}.Release|Any CPU.Build.0 = Release|Any CPU
		{C29E54B6-BAFB-44EA-9B7D-AF127BE3F079}.Release|x64.ActiveCfg = Release|x64
		{C29E54B6-BAFB-44EA-9B7D-AF127BE3F079}.Release|x64.Build.0 = Release|x64
		{C29E54B6-BAFB-44EA-9B7D-AF127BE3F079}.Release|x86.ActiveCfg = Release|x86
		{C29E54B6-BAFB-44EA-9B7D-AF127BE3F079}.Release|x86.Build.0 = Release|x86
	EndGlobalSection
	GlobalSection(SolutionProperties) = preSolution
		HideSolutionNode = FALSE
	EndGlobalSection
EndGlobal
